
Microsoft Visual Studio Solution File, Format Version 12.00
# Visual Studio Version 16
VisualStudioVersion = 16.0.29020.237
MinimumVisualStudioVersion = 10.0.40219.1
Project("{FAE04EC0-301F-11D3-BF4B-00C04F79EFBC}") = "carins_drill", "carins_drill\carins_drill.csproj", "{21778AE2-2AD8-4102-B1BC-39F9001E9DA2}"
EndProject
Global
	GlobalSection(SolutionConfigurationPlatforms) = preSolution
		Debug|Any CPU = Debug|Any CPU
		Release|Any CPU = Release|Any CPU
	EndGlobalSection
	GlobalSection(ProjectConfigurationPlatforms) = postSolution
		{21778AE2-2AD8-4102-B1BC-39F9001E9DA2}.Debug|Any CPU.ActiveCfg = Debug|Any CPU
		{21778AE2-2AD8-4102-B1BC-39F9001E9DA2}.Debug|Any CPU.Build.0 = Debug|Any CPU
		{21778AE2-2AD8-4102-B1BC-39F9001E9DA2}.Release|Any CPU.ActiveCfg = Release|Any CPU
		{21778AE2-2AD8-4102-B1BC-39F9001E9DA2}.Release|Any CPU.Build.0 = Release|Any CPU
	EndGlobalSection
	GlobalSection(SolutionProperties) = preSolution
		HideSolutionNode = FALSE
	EndGlobalSection
	GlobalSection(ExtensibilityGlobals) = postSolution
		SolutionGuid = {7EC6B307-CB35-433C-877A-7961FAEA0454}
	EndGlobalSection
EndGlobal
