
Microsoft Visual Studio Solution File, Format Version 12.00
# Visual Studio Version 16
VisualStudioVersion = 16.0.29020.237
MinimumVisualStudioVersion = 10.0.40219.1
Project("{FAE04EC0-301F-11D3-BF4B-00C04F79EFBC}") = "incomecomparison_drill", "incomecomparison_drill\incomecomparison_drill.csproj", "{F9C0FF86-8D28-436F-A97D-D5FAA6635A4F}"
EndProject
Global
	GlobalSection(SolutionConfigurationPlatforms) = preSolution
		Debug|Any CPU = Debug|Any CPU
		Release|Any CPU = Release|Any CPU
	EndGlobalSection
	GlobalSection(ProjectConfigurationPlatforms) = postSolution
		{F9C0FF86-8D28-436F-A97D-D5FAA6635A4F}.Debug|Any CPU.ActiveCfg = Debug|Any CPU
		{F9C0FF86-8D28-436F-A97D-D5FAA6635A4F}.Debug|Any CPU.Build.0 = Debug|Any CPU
		{F9C0FF86-8D28-436F-A97D-D5FAA6635A4F}.Release|Any CPU.ActiveCfg = Release|Any CPU
		{F9C0FF86-8D28-436F-A97D-D5FAA6635A4F}.Release|Any CPU.Build.0 = Release|Any CPU
	EndGlobalSection
	GlobalSection(SolutionProperties) = preSolution
		HideSolutionNode = FALSE
	EndGlobalSection
	GlobalSection(ExtensibilityGlobals) = postSolution
		SolutionGuid = {C820668B-FD46-48F9-A5BE-C3120EE1CFCA}
	EndGlobalSection
EndGlobal
