
Microsoft Visual Studio Solution File, Format Version 12.00
# Visual Studio Version 16
VisualStudioVersion = 16.0.29020.237
MinimumVisualStudioVersion = 10.0.40219.1
Project("{FAE04EC0-301F-11D3-BF4B-00C04F79EFBC}") = "webbappdrill", "webbappdrill\webbappdrill.csproj", "{C55FE594-1738-41A5-B320-3CEB6BDBFC7C}"
EndProject
Global
	GlobalSection(SolutionConfigurationPlatforms) = preSolution
		Debug|Any CPU = Debug|Any CPU
		Release|Any CPU = Release|Any CPU
	EndGlobalSection
	GlobalSection(ProjectConfigurationPlatforms) = postSolution
		{C55FE594-1738-41A5-B320-3CEB6BDBFC7C}.Debug|Any CPU.ActiveCfg = Debug|Any CPU
		{C55FE594-1738-41A5-B320-3CEB6BDBFC7C}.Debug|Any CPU.Build.0 = Debug|Any CPU
		{C55FE594-1738-41A5-B320-3CEB6BDBFC7C}.Release|Any CPU.ActiveCfg = Release|Any CPU
		{C55FE594-1738-41A5-B320-3CEB6BDBFC7C}.Release|Any CPU.Build.0 = Release|Any CPU
	EndGlobalSection
	GlobalSection(SolutionProperties) = preSolution
		HideSolutionNode = FALSE
	EndGlobalSection
	GlobalSection(ExtensibilityGlobals) = postSolution
		SolutionGuid = {BE1AFB32-044B-4F13-82E8-6ABE4870CA94}
	EndGlobalSection
EndGlobal
