
Microsoft Visual Studio Solution File, Format Version 12.00
# Visual Studio Version 16
VisualStudioVersion = 16.0.29020.237
MinimumVisualStudioVersion = 10.0.40219.1
Project("{FAE04EC0-301F-11D3-BF4B-00C04F79EFBC}") = "class-drill", "class-drill\class-drill.csproj", "{3795DDE3-5948-494C-B70D-9C28B9B5912C}"
EndProject
Global
	GlobalSection(SolutionConfigurationPlatforms) = preSolution
		Debug|Any CPU = Debug|Any CPU
		Release|Any CPU = Release|Any CPU
	EndGlobalSection
	GlobalSection(ProjectConfigurationPlatforms) = postSolution
		{3795DDE3-5948-494C-B70D-9C28B9B5912C}.Debug|Any CPU.ActiveCfg = Debug|Any CPU
		{3795DDE3-5948-494C-B70D-9C28B9B5912C}.Debug|Any CPU.Build.0 = Debug|Any CPU
		{3795DDE3-5948-494C-B70D-9C28B9B5912C}.Release|Any CPU.ActiveCfg = Release|Any CPU
		{3795DDE3-5948-494C-B70D-9C28B9B5912C}.Release|Any CPU.Build.0 = Release|Any CPU
	EndGlobalSection
	GlobalSection(SolutionProperties) = preSolution
		HideSolutionNode = FALSE
	EndGlobalSection
	GlobalSection(ExtensibilityGlobals) = postSolution
		SolutionGuid = {A72FC7D4-BD28-47EB-B24D-F27D7D00754C}
	EndGlobalSection
EndGlobal
