
Microsoft Visual Studio Solution File, Format Version 12.00
# Visual Studio Version 16
VisualStudioVersion = 16.0.29020.237
MinimumVisualStudioVersion = 10.0.40219.1
Project("{FAE04EC0-301F-11D3-BF4B-00C04F79EFBC}") = "iquitDrill-126", "iquitDrill-126\iquitDrill-126.csproj", "{EDE95140-F0D3-4A09-B6AC-2E3EF4721150}"
EndProject
Global
	GlobalSection(SolutionConfigurationPlatforms) = preSolution
		Debug|Any CPU = Debug|Any CPU
		Release|Any CPU = Release|Any CPU
	EndGlobalSection
	GlobalSection(ProjectConfigurationPlatforms) = postSolution
		{EDE95140-F0D3-4A09-B6AC-2E3EF4721150}.Debug|Any CPU.ActiveCfg = Debug|Any CPU
		{EDE95140-F0D3-4A09-B6AC-2E3EF4721150}.Debug|Any CPU.Build.0 = Debug|Any CPU
		{EDE95140-F0D3-4A09-B6AC-2E3EF4721150}.Release|Any CPU.ActiveCfg = Release|Any CPU
		{EDE95140-F0D3-4A09-B6AC-2E3EF4721150}.Release|Any CPU.Build.0 = Release|Any CPU
	EndGlobalSection
	GlobalSection(SolutionProperties) = preSolution
		HideSolutionNode = FALSE
	EndGlobalSection
	GlobalSection(ExtensibilityGlobals) = postSolution
		SolutionGuid = {0CE1B8D0-9CF4-45D8-9BE4-2AE28E9EBAEF}
	EndGlobalSection
EndGlobal
