
Microsoft Visual Studio Solution File, Format Version 12.00
# Visual Studio Version 16
VisualStudioVersion = 16.0.29020.237
MinimumVisualStudioVersion = 10.0.40219.1
Project("{FAE04EC0-301F-11D3-BF4B-00C04F79EFBC}") = "array-string_Drill", "array-string_Drill\array-string_Drill.csproj", "{089F1303-B372-4F40-BA2B-502226378F18}"
EndProject
Global
	GlobalSection(SolutionConfigurationPlatforms) = preSolution
		Debug|Any CPU = Debug|Any CPU
		Release|Any CPU = Release|Any CPU
	EndGlobalSection
	GlobalSection(ProjectConfigurationPlatforms) = postSolution
		{089F1303-B372-4F40-BA2B-502226378F18}.Debug|Any CPU.ActiveCfg = Debug|Any CPU
		{089F1303-B372-4F40-BA2B-502226378F18}.Debug|Any CPU.Build.0 = Debug|Any CPU
		{089F1303-B372-4F40-BA2B-502226378F18}.Release|Any CPU.ActiveCfg = Release|Any CPU
		{089F1303-B372-4F40-BA2B-502226378F18}.Release|Any CPU.Build.0 = Release|Any CPU
	EndGlobalSection
	GlobalSection(SolutionProperties) = preSolution
		HideSolutionNode = FALSE
	EndGlobalSection
	GlobalSection(ExtensibilityGlobals) = postSolution
		SolutionGuid = {21FA68BA-5C2D-46C1-9EA8-5B2D22C4AC69}
	EndGlobalSection
EndGlobal
