
Microsoft Visual Studio Solution File, Format Version 12.00
# Visual Studio Version 16
VisualStudioVersion = 16.0.29020.237
MinimumVisualStudioVersion = 10.0.40219.1
Project("{FAE04EC0-301F-11D3-BF4B-00C04F79EFBC}") = "math_drill", "math_drill\math_drill.csproj", "{06E0485E-2F1B-4850-BF94-BF4DC20D87DD}"
EndProject
Global
	GlobalSection(SolutionConfigurationPlatforms) = preSolution
		Debug|Any CPU = Debug|Any CPU
		Release|Any CPU = Release|Any CPU
	EndGlobalSection
	GlobalSection(ProjectConfigurationPlatforms) = postSolution
		{06E0485E-2F1B-4850-BF94-BF4DC20D87DD}.Debug|Any CPU.ActiveCfg = Debug|Any CPU
		{06E0485E-2F1B-4850-BF94-BF4DC20D87DD}.Debug|Any CPU.Build.0 = Debug|Any CPU
		{06E0485E-2F1B-4850-BF94-BF4DC20D87DD}.Release|Any CPU.ActiveCfg = Release|Any CPU
		{06E0485E-2F1B-4850-BF94-BF4DC20D87DD}.Release|Any CPU.Build.0 = Release|Any CPU
	EndGlobalSection
	GlobalSection(SolutionProperties) = preSolution
		HideSolutionNode = FALSE
	EndGlobalSection
	GlobalSection(ExtensibilityGlobals) = postSolution
		SolutionGuid = {FE321086-FD9E-4A70-BE3F-BF43492D8759}
	EndGlobalSection
EndGlobal
