
Microsoft Visual Studio Solution File, Format Version 12.00
# Visual Studio Version 16
VisualStudioVersion = 16.0.29020.237
MinimumVisualStudioVersion = 10.0.40219.1
Project("{FAE04EC0-301F-11D3-BF4B-00C04F79EFBC}") = "enumDrill", "enumDrill\enumDrill.csproj", "{FAA1D659-3D04-4426-9029-8923FDCF3309}"
EndProject
Global
	GlobalSection(SolutionConfigurationPlatforms) = preSolution
		Debug|Any CPU = Debug|Any CPU
		Release|Any CPU = Release|Any CPU
	EndGlobalSection
	GlobalSection(ProjectConfigurationPlatforms) = postSolution
		{FAA1D659-3D04-4426-9029-8923FDCF3309}.Debug|Any CPU.ActiveCfg = Debug|Any CPU
		{FAA1D659-3D04-4426-9029-8923FDCF3309}.Debug|Any CPU.Build.0 = Debug|Any CPU
		{FAA1D659-3D04-4426-9029-8923FDCF3309}.Release|Any CPU.ActiveCfg = Release|Any CPU
		{FAA1D659-3D04-4426-9029-8923FDCF3309}.Release|Any CPU.Build.0 = Release|Any CPU
	EndGlobalSection
	GlobalSection(SolutionProperties) = preSolution
		HideSolutionNode = FALSE
	EndGlobalSection
	GlobalSection(ExtensibilityGlobals) = postSolution
		SolutionGuid = {03F6C322-01E6-470D-BAC2-523D80952B8A}
	EndGlobalSection
EndGlobal
