
Microsoft Visual Studio Solution File, Format Version 12.00
# Visual Studio Version 16
VisualStudioVersion = 16.0.29020.237
MinimumVisualStudioVersion = 10.0.40219.1
Project("{FAE04EC0-301F-11D3-BF4B-00C04F79EFBC}") = "techacademy_dailyreport", "techacademy_dailyreport\techacademy_dailyreport.csproj", "{4157C9ED-53BF-4AE0-840C-CA4D2D3427DA}"
EndProject
Global
	GlobalSection(SolutionConfigurationPlatforms) = preSolution
		Debug|Any CPU = Debug|Any CPU
		Release|Any CPU = Release|Any CPU
	EndGlobalSection
	GlobalSection(ProjectConfigurationPlatforms) = postSolution
		{4157C9ED-53BF-4AE0-840C-CA4D2D3427DA}.Debug|Any CPU.ActiveCfg = Debug|Any CPU
		{4157C9ED-53BF-4AE0-840C-CA4D2D3427DA}.Debug|Any CPU.Build.0 = Debug|Any CPU
		{4157C9ED-53BF-4AE0-840C-CA4D2D3427DA}.Release|Any CPU.ActiveCfg = Release|Any CPU
		{4157C9ED-53BF-4AE0-840C-CA4D2D3427DA}.Release|Any CPU.Build.0 = Release|Any CPU
	EndGlobalSection
	GlobalSection(SolutionProperties) = preSolution
		HideSolutionNode = FALSE
	EndGlobalSection
	GlobalSection(ExtensibilityGlobals) = postSolution
		SolutionGuid = {18A08CF2-D6EF-4336-8BBF-8791AF4BE3B6}
	EndGlobalSection
EndGlobal
