
Microsoft Visual Studio Solution File, Format Version 12.00
# Visual Studio Version 16
VisualStudioVersion = 16.0.29020.237
MinimumVisualStudioVersion = 10.0.40219.1
Project("{FAE04EC0-301F-11D3-BF4B-00C04F79EFBC}") = "method-Drill5", "method-Drill5\method-Drill5.csproj", "{0849ECEB-641F-4BF8-8CB8-D4D2EFDA6BA1}"
EndProject
Global
	GlobalSection(SolutionConfigurationPlatforms) = preSolution
		Debug|Any CPU = Debug|Any CPU
		Release|Any CPU = Release|Any CPU
	EndGlobalSection
	GlobalSection(ProjectConfigurationPlatforms) = postSolution
		{0849ECEB-641F-4BF8-8CB8-D4D2EFDA6BA1}.Debug|Any CPU.ActiveCfg = Debug|Any CPU
		{0849ECEB-641F-4BF8-8CB8-D4D2EFDA6BA1}.Debug|Any CPU.Build.0 = Debug|Any CPU
		{0849ECEB-641F-4BF8-8CB8-D4D2EFDA6BA1}.Release|Any CPU.ActiveCfg = Release|Any CPU
		{0849ECEB-641F-4BF8-8CB8-D4D2EFDA6BA1}.Release|Any CPU.Build.0 = Release|Any CPU
	EndGlobalSection
	GlobalSection(SolutionProperties) = preSolution
		HideSolutionNode = FALSE
	EndGlobalSection
	GlobalSection(ExtensibilityGlobals) = postSolution
		SolutionGuid = {77B5292D-3381-4546-86B1-38749E585C56}
	EndGlobalSection
EndGlobal
