
Microsoft Visual Studio Solution File, Format Version 12.00
# Visual Studio Version 16
VisualStudioVersion = 16.0.29020.237
MinimumVisualStudioVersion = 10.0.40219.1
Project("{FAE04EC0-301F-11D3-BF4B-00C04F79EFBC}") = "variablesanddatatypes", "variablesanddatatypes\variablesanddatatypes.csproj", "{E4C93F3F-0C9C-448A-8D8E-70F3CD6CC95F}"
EndProject
Global
	GlobalSection(SolutionConfigurationPlatforms) = preSolution
		Debug|Any CPU = Debug|Any CPU
		Release|Any CPU = Release|Any CPU
	EndGlobalSection
	GlobalSection(ProjectConfigurationPlatforms) = postSolution
		{E4C93F3F-0C9C-448A-8D8E-70F3CD6CC95F}.Debug|Any CPU.ActiveCfg = Debug|Any CPU
		{E4C93F3F-0C9C-448A-8D8E-70F3CD6CC95F}.Debug|Any CPU.Build.0 = Debug|Any CPU
		{E4C93F3F-0C9C-448A-8D8E-70F3CD6CC95F}.Release|Any CPU.ActiveCfg = Release|Any CPU
		{E4C93F3F-0C9C-448A-8D8E-70F3CD6CC95F}.Release|Any CPU.Build.0 = Release|Any CPU
	EndGlobalSection
	GlobalSection(SolutionProperties) = preSolution
		HideSolutionNode = FALSE
	EndGlobalSection
	GlobalSection(ExtensibilityGlobals) = postSolution
		SolutionGuid = {15909595-B2FF-4217-8BFD-5C627245667D}
	EndGlobalSection
EndGlobal
